# THIS IS AN AUTOGENERATED FILE. DO NOT EDIT THIS FILE DIRECTLY.
# yarn lockfile v1


retypeapp@^3.11.0:
  version "3.11.0"
  resolved "https://registry.yarnpkg.com/retypeapp/-/retypeapp-3.11.0.tgz#89bfb8a6c2800998dcc77888b5ec7554f4aff333"
  integrity sha512-emjLMnmAu3jNLUeM+6OEj0CUlW6GmAq2yXEsf2n40YEDEBu7U2n32pLCFpd6w9Y+MIDmV+1rffN96parLT9uZw==
